
Microsoft Visual Studio Solution File, Format Version 12.00
# Visual Studio Version 17
VisualStudioVersion = 17.8.34511.84
MinimumVisualStudioVersion = 10.0.40219.1
Project("{FAE04EC0-301F-11D3-BF4B-00C04F79EFBC}") = "Student Form", "Student Form.csproj", "{68EDC99D-26C7-4A7F-99C1-6BFF125228EE}"
EndProject
Global
	GlobalSection(SolutionConfigurationPlatforms) = preSolution
		Debug|Any CPU = Debug|Any CPU
		Release|Any CPU = Release|Any CPU
	EndGlobalSection
	GlobalSection(ProjectConfigurationPlatforms) = postSolution
		{68EDC99D-26C7-4A7F-99C1-6BFF125228EE}.Debug|Any CPU.ActiveCfg = Debug|Any CPU
		{68EDC99D-26C7-4A7F-99C1-6BFF125228EE}.Debug|Any CPU.Build.0 = Debug|Any CPU
		{68EDC99D-26C7-4A7F-99C1-6BFF125228EE}.Release|Any CPU.ActiveCfg = Release|Any CPU
		{68EDC99D-26C7-4A7F-99C1-6BFF125228EE}.Release|Any CPU.Build.0 = Release|Any CPU
	EndGlobalSection
	GlobalSection(SolutionProperties) = preSolution
		HideSolutionNode = FALSE
	EndGlobalSection
	GlobalSection(ExtensibilityGlobals) = postSolution
		SolutionGuid = {D52E8227-C6AC-459C-B3E5-5180E09124E9}
	EndGlobalSection
EndGlobal
